// !$*UTF8*$!
{
	archiveVersion = 1;
	classes = {
	};
	objectVersion = 50;
	objects = {

/* Begin PBXBuildFile section */
		DD2C2C63C3FA2EAED0D6D586 /* Pods_MovieApp.framework in Frameworks */ = {isa = PBXBuildFile; fileRef = 1527DF54D3BB275E8D6D3BBB /* Pods_MovieApp.framework */; };
		FA3403E4255C13EC00B94B0C /* MovieData.swift in Sources */ = {isa = PBXBuildFile; fileRef = FA3403E3255C13EC00B94B0C /* MovieData.swift */; };
		FA4B358A25653D14007917DF /* MovieViewModel.swift in Sources */ = {isa = PBXBuildFile; fileRef = FA4B358925653D14007917DF /* MovieViewModel.swift */; };
		FA61F2FC254C3E7E0054EBB2 /* CollectionViewCell.swift in Sources */ = {isa = PBXBuildFile; fileRef = FA61F2FB254C3E7E0054EBB2 /* CollectionViewCell.swift */; };
		FA61F30D254C8F950054EBB2 /* MovieManager.swift in Sources */ = {isa = PBXBuildFile; fileRef = FA61F30C254C8F940054EBB2 /* MovieManager.swift */; };
		FA8614C525495D9600B600C8 /* AppDelegate.swift in Sources */ = {isa = PBXBuildFile; fileRef = FA8614C425495D9600B600C8 /* AppDelegate.swift */; };
		FA8614C925495D9600B600C8 /* ViewController.swift in Sources */ = {isa = PBXBuildFile; fileRef = FA8614C825495D9600B600C8 /* ViewController.swift */; };
		FA8614CE25495D9B00B600C8 /* Assets.xcassets in Resources */ = {isa = PBXBuildFile; fileRef = FA8614CD25495D9B00B600C8 /* Assets.xcassets */; };
		FA8614D125495D9B00B600C8 /* LaunchScreen.storyboard in Resources */ = {isa = PBXBuildFile; fileRef = FA8614CF25495D9B00B600C8 /* LaunchScreen.storyboard */; };
		FAC4A88C257A59670075F67F /* GoogleService-Info.plist in Resources */ = {isa = PBXBuildFile; fileRef = FAC4A88B257A59670075F67F /* GoogleService-Info.plist */; };
/* End PBXBuildFile section */

/* Begin PBXFileReference section */
		07A5F06E095A89369443A374 /* Pods-MovieApp.release.xcconfig */ = {isa = PBXFileReference; includeInIndex = 1; lastKnownFileType = text.xcconfig; name = "Pods-MovieApp.release.xcconfig"; path = "Target Support Files/Pods-MovieApp/Pods-MovieApp.release.xcconfig"; sourceTree = "<group>"; };
		1527DF54D3BB275E8D6D3BBB /* Pods_MovieApp.framework */ = {isa = PBXFileReference; explicitFileType = wrapper.framework; includeInIndex = 0; path = Pods_MovieApp.framework; sourceTree = BUILT_PRODUCTS_DIR; };
		94D764E95D3F4BCD3606EE79 /* Pods-MovieApp.debug.xcconfig */ = {isa = PBXFileReference; includeInIndex = 1; lastKnownFileType = text.xcconfig; name = "Pods-MovieApp.debug.xcconfig"; path = "Target Support Files/Pods-MovieApp/Pods-MovieApp.debug.xcconfig"; sourceTree = "<group>"; };
		FA3403E3255C13EC00B94B0C /* MovieData.swift */ = {isa = PBXFileReference; lastKnownFileType = sourcecode.swift; path = MovieData.swift; sourceTree = "<group>"; };
		FA4B358925653D14007917DF /* MovieViewModel.swift */ = {isa = PBXFileReference; lastKnownFileType = sourcecode.swift; path = MovieViewModel.swift; sourceTree = "<group>"; };
		FA61F2FB254C3E7E0054EBB2 /* CollectionViewCell.swift */ = {isa = PBXFileReference; lastKnownFileType = sourcecode.swift; name = CollectionViewCell.swift; path = "../New Group/CollectionViewCell.swift"; sourceTree = "<group>"; };
		FA61F30C254C8F940054EBB2 /* MovieManager.swift */ = {isa = PBXFileReference; lastKnownFileType = sourcecode.swift; path = MovieManager.swift; sourceTree = "<group>"; };
		FA705935257F787100351F83 /* MovieApp.entitlements */ = {isa = PBXFileReference; lastKnownFileType = text.plist.entitlements; path = MovieApp.entitlements; sourceTree = "<group>"; };
		FA8614C125495D9600B600C8 /* MovieApp.app */ = {isa = PBXFileReference; explicitFileType = wrapper.application; includeInIndex = 0; path = MovieApp.app; sourceTree = BUILT_PRODUCTS_DIR; };
		FA8614C425495D9600B600C8 /* AppDelegate.swift */ = {isa = PBXFileReference; lastKnownFileType = sourcecode.swift; path = AppDelegate.swift; sourceTree = "<group>"; };
		FA8614C825495D9600B600C8 /* ViewController.swift */ = {isa = PBXFileReference; lastKnownFileType = sourcecode.swift; path = ViewController.swift; sourceTree = "<group>"; };
		FA8614CD25495D9B00B600C8 /* Assets.xcassets */ = {isa = PBXFileReference; lastKnownFileType = folder.assetcatalog; path = Assets.xcassets; sourceTree = "<group>"; };
		FA8614D025495D9B00B600C8 /* Base */ = {isa = PBXFileReference; lastKnownFileType = file.storyboard; name = Base; path = Base.lproj/LaunchScreen.storyboard; sourceTree = "<group>"; };
		FA8614D225495D9B00B600C8 /* Info.plist */ = {isa = PBXFileReference; lastKnownFileType = text.plist.xml; path = Info.plist; sourceTree = "<group>"; };
		FAC4A88B257A59670075F67F /* GoogleService-Info.plist */ = {isa = PBXFileReference; fileEncoding = 4; lastKnownFileType = text.plist.xml; name = "GoogleService-Info.plist"; path = "../../../../Downloads/GoogleService-Info.plist"; sourceTree = "<group>"; };
/* End PBXFileReference section */

/* Begin PBXFrameworksBuildPhase section */
		FA8614BE25495D9600B600C8 /* Frameworks */ = {
			isa = PBXFrameworksBuildPhase;
			buildActionMask = 2147483647;
			files = (
				DD2C2C63C3FA2EAED0D6D586 /* Pods_MovieApp.framework in Frameworks */,
			);
			runOnlyForDeploymentPostprocessing = 0;
		};
/* End PBXFrameworksBuildPhase section */

/* Begin PBXGroup section */
		0443A97CB942C695A2FCDE9A /* Pods */ = {
			isa = PBXGroup;
			children = (
				94D764E95D3F4BCD3606EE79 /* Pods-MovieApp.debug.xcconfig */,
				07A5F06E095A89369443A374 /* Pods-MovieApp.release.xcconfig */,
			);
			path = Pods;
			sourceTree = "<group>";
		};
		4E50008813502447CF5A1CCB /* Frameworks */ = {
			isa = PBXGroup;
			children = (
				1527DF54D3BB275E8D6D3BBB /* Pods_MovieApp.framework */,
			);
			name = Frameworks;
			sourceTree = "<group>";
		};
		FA61F30B254C8F640054EBB2 /* Model */ = {
			isa = PBXGroup;
			children = (
				FA61F30C254C8F940054EBB2 /* MovieManager.swift */,
				FA3403E3255C13EC00B94B0C /* MovieData.swift */,
				FA4B358925653D14007917DF /* MovieViewModel.swift */,
			);
			path = Model;
			sourceTree = "<group>";
		};
		FA70592D257EA9AE00351F83 /* View */ = {
			isa = PBXGroup;
			children = (
				FA61F2FB254C3E7E0054EBB2 /* CollectionViewCell.swift */,
			);
			path = View;
			sourceTree = "<group>";
		};
		FA8614B825495D9600B600C8 = {
			isa = PBXGroup;
			children = (
				FA8614C325495D9600B600C8 /* MovieApp */,
				FA8614C225495D9600B600C8 /* Products */,
				0443A97CB942C695A2FCDE9A /* Pods */,
				4E50008813502447CF5A1CCB /* Frameworks */,
			);
			sourceTree = "<group>";
		};
		FA8614C225495D9600B600C8 /* Products */ = {
			isa = PBXGroup;
			children = (
				FA8614C125495D9600B600C8 /* MovieApp.app */,
			);
			name = Products;
			sourceTree = "<group>";
		};
		FA8614C325495D9600B600C8 /* MovieApp */ = {
			isa = PBXGroup;
			children = (
				FA705935257F787100351F83 /* MovieApp.entitlements */,
				FA70592D257EA9AE00351F83 /* View */,
				FAA50490254DC78000961333 /* Controller */,
				FA61F30B254C8F640054EBB2 /* Model */,
				FA8614C425495D9600B600C8 /* AppDelegate.swift */,
				FA8614CD25495D9B00B600C8 /* Assets.xcassets */,
				FA8614CF25495D9B00B600C8 /* LaunchScreen.storyboard */,
				FA8614D225495D9B00B600C8 /* Info.plist */,
				FAC4A88B257A59670075F67F /* GoogleService-Info.plist */,
			);
			path = MovieApp;
			sourceTree = "<group>";
		};
		FAA50490254DC78000961333 /* Controller */ = {
			isa = PBXGroup;
			children = (
				FA8614C825495D9600B600C8 /* ViewController.swift */,
			);
			path = Controller;
			sourceTree = "<group>";
		};
/* End PBXGroup section */

/* Begin PBXNativeTarget section */
		FA8614C025495D9600B600C8 /* MovieApp */ = {
			isa = PBXNativeTarget;
			buildConfigurationList = FA8614D525495D9B00B600C8 /* Build configuration list for PBXNativeTarget "MovieApp" */;
			buildPhases = (
				2C63606F5ECE8E0E4077236B /* [CP] Check Pods Manifest.lock */,
				FA8614BD25495D9600B600C8 /* Sources */,
				FA8614BE25495D9600B600C8 /* Frameworks */,
				FA8614BF25495D9600B600C8 /* Resources */,
			);
			buildRules = (
			);
			dependencies = (
			);
			name = MovieApp;
			productName = MovieApp;
			productReference = FA8614C125495D9600B600C8 /* MovieApp.app */;
			productType = "com.apple.product-type.application";
		};
/* End PBXNativeTarget section */

/* Begin PBXProject section */
		FA8614B925495D9600B600C8 /* Project object */ = {
			isa = PBXProject;
			attributes = {
				LastSwiftUpdateCheck = 1200;
				LastUpgradeCheck = 1200;
				TargetAttributes = {
					FA8614C025495D9600B600C8 = {
						CreatedOnToolsVersion = 12.0.1;
					};
				};
			};
			buildConfigurationList = FA8614BC25495D9600B600C8 /* Build configuration list for PBXProject "MovieApp" */;
			compatibilityVersion = "Xcode 9.3";
			developmentRegion = en;
			hasScannedForEncodings = 0;
			knownRegions = (
				en,
				Base,
			);
			mainGroup = FA8614B825495D9600B600C8;
			productRefGroup = FA8614C225495D9600B600C8 /* Products */;
			projectDirPath = "";
			projectRoot = "";
			targets = (
				FA8614C025495D9600B600C8 /* MovieApp */,
			);
		};
/* End PBXProject section */

/* Begin PBXResourcesBuildPhase section */
		FA8614BF25495D9600B600C8 /* Resources */ = {
			isa = PBXResourcesBuildPhase;
			buildActionMask = 2147483647;
			files = (
				FA8614D125495D9B00B600C8 /* LaunchScreen.storyboard in Resources */,
				FA8614CE25495D9B00B600C8 /* Assets.xcassets in Resources */,
				FAC4A88C257A59670075F67F /* GoogleService-Info.plist in Resources */,
			);
			runOnlyForDeploymentPostprocessing = 0;
		};
/* End PBXResourcesBuildPhase section */

/* Begin PBXShellScriptBuildPhase section */
		2C63606F5ECE8E0E4077236B /* [CP] Check Pods Manifest.lock */ = {
			isa = PBXShellScriptBuildPhase;
			buildActionMask = 2147483647;
			files = (
			);
			inputFileListPaths = (
			);
			inputPaths = (
				"${PODS_PODFILE_DIR_PATH}/Podfile.lock",
				"${PODS_ROOT}/Manifest.lock",
			);
			name = "[CP] Check Pods Manifest.lock";
			outputFileListPaths = (
			);
			outputPaths = (
				"$(DERIVED_FILE_DIR)/Pods-MovieApp-checkManifestLockResult.txt",
			);
			runOnlyForDeploymentPostprocessing = 0;
			shellPath = /bin/sh;
			shellScript = "diff \"${PODS_PODFILE_DIR_PATH}/Podfile.lock\" \"${PODS_ROOT}/Manifest.lock\" > /dev/null\nif [ $? != 0 ] ; then\n    # print error to STDERR\n    echo \"error: The sandbox is not in sync with the Podfile.lock. Run 'pod install' or update your CocoaPods installation.\" >&2\n    exit 1\nfi\n# This output is used by Xcode 'outputs' to avoid re-running this script phase.\necho \"SUCCESS\" > \"${SCRIPT_OUTPUT_FILE_0}\"\n";
			showEnvVarsInLog = 0;
		};
/* End PBXShellScriptBuildPhase section */

/* Begin PBXSourcesBuildPhase section */
		FA8614BD25495D9600B600C8 /* Sources */ = {
			isa = PBXSourcesBuildPhase;
			buildActionMask = 2147483647;
			files = (
				FA8614C925495D9600B600C8 /* ViewController.swift in Sources */,
				FA8614C525495D9600B600C8 /* AppDelegate.swift in Sources */,
				FA61F30D254C8F950054EBB2 /* MovieManager.swift in Sources */,
				FA3403E4255C13EC00B94B0C /* MovieData.swift in Sources */,
				FA61F2FC254C3E7E0054EBB2 /* CollectionViewCell.swift in Sources */,
				FA4B358A25653D14007917DF /* MovieViewModel.swift in Sources */,
			);
			runOnlyForDeploymentPostprocessing = 0;
		};
/* End PBXSourcesBuildPhase section */

/* Begin PBXVariantGroup section */
		FA8614CF25495D9B00B600C8 /* LaunchScreen.storyboard */ = {
			isa = PBXVariantGroup;
			children = (
				FA8614D025495D9B00B600C8 /* Base */,
			);
			name = LaunchScreen.storyboard;
			sourceTree = "<group>";
		};
/* End PBXVariantGroup section */

/* Begin XCBuildConfiguration section */
		FA8614D325495D9B00B600C8 /* Debug */ = {
			isa = XCBuildConfiguration;
			buildSettings = {
				ALWAYS_SEARCH_USER_PATHS = NO;
				CLANG_ANALYZER_NONNULL = YES;
				CLANG_ANALYZER_NUMBER_OBJECT_CONVERSION = YES_AGGRESSIVE;
				CLANG_CXX_LANGUAGE_STANDARD = "gnu++14";
				CLANG_CXX_LIBRARY = "libc++";
				CLANG_ENABLE_MODULES = YES;
				CLANG_ENABLE_OBJC_ARC = YES;
				CLANG_ENABLE_OBJC_WEAK = YES;
				CLANG_WARN_BLOCK_CAPTURE_AUTORELEASING = YES;
				CLANG_WARN_BOOL_CONVERSION = YES;
				CLANG_WARN_COMMA = YES;
				CLANG_WARN_CONSTANT_CONVERSION = YES;
				CLANG_WARN_DEPRECATED_OBJC_IMPLEMENTATIONS = YES;
				CLANG_WARN_DIRECT_OBJC_ISA_USAGE = YES_ERROR;
				CLANG_WARN_DOCUMENTATION_COMMENTS = YES;
				CLANG_WARN_EMPTY_BODY = YES;
				CLANG_WARN_ENUM_CONVERSION = YES;
				CLANG_WARN_INFINITE_RECURSION = YES;
				CLANG_WARN_INT_CONVERSION = YES;
				CLANG_WARN_NON_LITERAL_NULL_CONVERSION = YES;
				CLANG_WARN_OBJC_IMPLICIT_RETAIN_SELF = YES;
				CLANG_WARN_OBJC_LITERAL_CONVERSION = YES;
				CLANG_WARN_OBJC_ROOT_CLASS = YES_ERROR;
				CLANG_WARN_QUOTED_INCLUDE_IN_FRAMEWORK_HEADER = YES;
				CLANG_WARN_RANGE_LOOP_ANALYSIS = YES;
				CLANG_WARN_STRICT_PROTOTYPES = YES;
				CLANG_WARN_SUSPICIOUS_MOVE = YES;
				CLANG_WARN_UNGUARDED_AVAILABILITY = YES_AGGRESSIVE;
				CLANG_WARN_UNREACHABLE_CODE = YES;
				CLANG_WARN__DUPLICATE_METHOD_MATCH = YES;
				COPY_PHASE_STRIP = NO;
				DEBUG_INFORMATION_FORMAT = dwarf;
				ENABLE_STRICT_OBJC_MSGSEND = YES;
				ENABLE_TESTABILITY = YES;
				GCC_C_LANGUAGE_STANDARD = gnu11;
				GCC_DYNAMIC_NO_PIC = NO;
				GCC_NO_COMMON_BLOCKS = YES;
				GCC_OPTIMIZATION_LEVEL = 0;
				GCC_PREPROCESSOR_DEFINITIONS = (
					"DEBUG=1",
					"$(inherited)",
				);
				GCC_WARN_64_TO_32_BIT_CONVERSION = YES;
				GCC_WARN_ABOUT_RETURN_TYPE = YES_ERROR;
				GCC_WARN_UNDECLARED_SELECTOR = YES;
				GCC_WARN_UNINITIALIZED_AUTOS = YES_AGGRESSIVE;
				GCC_WARN_UNUSED_FUNCTION = YES;
				GCC_WARN_UNUSED_VARIABLE = YES;
				IPHONEOS_DEPLOYMENT_TARGET = 14.0;
				MTL_ENABLE_DEBUG_INFO = INCLUDE_SOURCE;
				MTL_FAST_MATH = YES;
				ONLY_ACTIVE_ARCH = YES;
				SDKROOT = iphoneos;
				SWIFT_ACTIVE_COMPILATION_CONDITIONS = DEBUG;
				SWIFT_OPTIMIZATION_LEVEL = "-Onone";
			};
			name = Debug;
		};
		FA8614D425495D9B00B600C8 /* Release */ = {
			isa = XCBuildConfiguration;
			buildSettings = {
				ALWAYS_SEARCH_USER_PATHS = NO;
				CLANG_ANALYZER_NONNULL = YES;
				CLANG_ANALYZER_NUMBER_OBJECT_CONVERSION = YES_AGGRESSIVE;
				CLANG_CXX_LANGUAGE_STANDARD = "gnu++14";
				CLANG_CXX_LIBRARY = "libc++";
				CLANG_ENABLE_MODULES = YES;
				CLANG_ENABLE_OBJC_ARC = YES;
				CLANG_ENABLE_OBJC_WEAK = YES;
				CLANG_WARN_BLOCK_CAPTURE_AUTORELEASING = YES;
				CLANG_WARN_BOOL_CONVERSION = YES;
				CLANG_WARN_COMMA = YES;
				CLANG_WARN_CONSTANT_CONVERSION = YES;
				CLANG_WARN_DEPRECATED_OBJC_IMPLEMENTATIONS = YES;
				CLANG_WARN_DIRECT_OBJC_ISA_USAGE = YES_ERROR;
				CLANG_WARN_DOCUMENTATION_COMMENTS = YES;
				CLANG_WARN_EMPTY_BODY = YES;
				CLANG_WARN_ENUM_CONVERSION = YES;
				CLANG_WARN_INFINITE_RECURSION = YES;
				CLANG_WARN_INT_CONVERSION = YES;
				CLANG_WARN_NON_LITERAL_NULL_CONVERSION = YES;
				CLANG_WARN_OBJC_IMPLICIT_RETAIN_SELF = YES;
				CLANG_WARN_OBJC_LITERAL_CONVERSION = YES;
				CLANG_WARN_OBJC_ROOT_CLASS = YES_ERROR;
				CLANG_WARN_QUOTED_INCLUDE_IN_FRAMEWORK_HEADER = YES;
				CLANG_WARN_RANGE_LOOP_ANALYSIS = YES;
				CLANG_WARN_STRICT_PROTOTYPES = YES;
				CLANG_WARN_SUSPICIOUS_MOVE = YES;
				CLANG_WARN_UNGUARDED_AVAILABILITY = YES_AGGRESSIVE;
				CLANG_WARN_UNREACHABLE_CODE = YES;
				CLANG_WARN__DUPLICATE_METHOD_MATCH = YES;
				COPY_PHASE_STRIP = NO;
				DEBUG_INFORMATION_FORMAT = "dwarf-with-dsym";
				ENABLE_NS_ASSERTIONS = NO;
				ENABLE_STRICT_OBJC_MSGSEND = YES;
				GCC_C_LANGUAGE_STANDARD = gnu11;
				GCC_NO_COMMON_BLOCKS = YES;
				GCC_WARN_64_TO_32_BIT_CONVERSION = YES;
				GCC_WARN_ABOUT_RETURN_TYPE = YES_ERROR;
				GCC_WARN_UNDECLARED_SELECTOR = YES;
				GCC_WARN_UNINITIALIZED_AUTOS = YES_AGGRESSIVE;
				GCC_WARN_UNUSED_FUNCTION = YES;
				GCC_WARN_UNUSED_VARIABLE = YES;
				IPHONEOS_DEPLOYMENT_TARGET = 14.0;
				MTL_ENABLE_DEBUG_INFO = NO;
				MTL_FAST_MATH = YES;
				SDKROOT = iphoneos;
				SWIFT_COMPILATION_MODE = wholemodule;
				SWIFT_OPTIMIZATION_LEVEL = "-O";
				VALIDATE_PRODUCT = YES;
			};
			name = Release;
		};
		FA8614D625495D9B00B600C8 /* Debug */ = {
			isa = XCBuildConfiguration;
			baseConfigurationReference = 94D764E95D3F4BCD3606EE79 /* Pods-MovieApp.debug.xcconfig */;
			buildSettings = {
				ASSETCATALOG_COMPILER_APPICON_NAME = AppIcon;
				ASSETCATALOG_COMPILER_GLOBAL_ACCENT_COLOR_NAME = AccentColor;
				CODE_SIGN_ENTITLEMENTS = MovieApp/MovieApp.entitlements;
				CODE_SIGN_IDENTITY = "Apple Development";
				CODE_SIGN_STYLE = Automatic;
				DEVELOPMENT_TEAM = C9345D8QUV;
				INFOPLIST_FILE = MovieApp/Info.plist;
				LD_RUNPATH_SEARCH_PATHS = (
					"$(inherited)",
					"@executable_path/Frameworks",
				);
				PRODUCT_BUNDLE_IDENTIFIER = id.MovieApp;
				PRODUCT_NAME = "$(TARGET_NAME)";
				PROVISIONING_PROFILE_SPECIFIER = "";
				SWIFT_VERSION = 5.0;
				TARGETED_DEVICE_FAMILY = "1,2";
			};
			name = Debug;
		};
		FA8614D725495D9B00B600C8 /* Release */ = {
			isa = XCBuildConfiguration;
			baseConfigurationReference = 07A5F06E095A89369443A374 /* Pods-MovieApp.release.xcconfig */;
			buildSettings = {
				ASSETCATALOG_COMPILER_APPICON_NAME = AppIcon;
				ASSETCATALOG_COMPILER_GLOBAL_ACCENT_COLOR_NAME = AccentColor;
				CODE_SIGN_ENTITLEMENTS = MovieApp/MovieApp.entitlements;
				CODE_SIGN_IDENTITY = "Apple Development";
				CODE_SIGN_STYLE = Automatic;
				DEVELOPMENT_TEAM = C9345D8QUV;
				INFOPLIST_FILE = MovieApp/Info.plist;
				LD_RUNPATH_SEARCH_PATHS = (
					"$(inherited)",
					"@executable_path/Frameworks",
				);
				PRODUCT_BUNDLE_IDENTIFIER = id.MovieApp;
				PRODUCT_NAME = "$(TARGET_NAME)";
				PROVISIONING_PROFILE_SPECIFIER = "";
				SWIFT_VERSION = 5.0;
				TARGETED_DEVICE_FAMILY = "1,2";
			};
			name = Release;
		};
/* End XCBuildConfiguration section */

/* Begin XCConfigurationList section */
		FA8614BC25495D9600B600C8 /* Build configuration list for PBXProject "MovieApp" */ = {
			isa = XCConfigurationList;
			buildConfigurations = (
				FA8614D325495D9B00B600C8 /* Debug */,
				FA8614D425495D9B00B600C8 /* Release */,
			);
			defaultConfigurationIsVisible = 0;
			defaultConfigurationName = Release;
		};
		FA8614D525495D9B00B600C8 /* Build configuration list for PBXNativeTarget "MovieApp" */ = {
			isa = XCConfigurationList;
			buildConfigurations = (
				FA8614D625495D9B00B600C8 /* Debug */,
				FA8614D725495D9B00B600C8 /* Release */,
			);
			defaultConfigurationIsVisible = 0;
			defaultConfigurationName = Release;
		};
/* End XCConfigurationList section */
	};
	rootObject = FA8614B925495D9600B600C8 /* Project object */;
}
